<?xml version="1.0" encoding="utf-8"?>
<Project ToolsVersion="4.0" xmlns="http://schemas.microsoft.com/developer/msbuild/2003">
  <ItemGroup>
    <Filter Include="Res Package">
      <UniqueIdentifier>{6c8bf401-7264-40d8-8bd1-37ebd3adc87f}</UniqueIdentifier>
    </Filter>
    <Filter Include="Main">
      <UniqueIdentifier>{60206f42-1bc7-4ac0-a8ec-702536b0ea45}</UniqueIdentifier>
    </Filter>
  </ItemGroup>
  <ItemGroup>
    <ClCompile Include="CFilePack.cpp">
      <Filter>Res Package</Filter>
    </ClCompile>
    <ClCompile Include="MakePackage.cpp">
      <Filter>Main</Filter>
    </ClCompile>
    <ClCompile Include="stdafx.cpp">
      <Filter>Main</Filter>
    </ClCompile>
  </ItemGroup>
  <ItemGroup>
    <ClInclude Include="CFilePack.h">
      <Filter>Res Package</Filter>
    </ClInclude>
    <ClInclude Include="MakePackage.h">
      <Filter>Main</Filter>
    </ClInclude>
    <ClInclude Include="stdafx.h">
      <Filter>Main</Filter>
    </ClInclude>
  </ItemGroup>
</Project>