<?xml version="1.0" encoding="utf-8"?>
<Project ToolsVersion="4.0" xmlns="http://schemas.microsoft.com/developer/msbuild/2003">
  <ItemGroup>
    <Filter Include="Source Files">
      <UniqueIdentifier>{4FC737F1-C7A5-4376-A066-2A32D752A2FF}</UniqueIdentifier>
      <Extensions>cpp;c;cxx;def;odl;idl;hpj;bat;asm;asmx</Extensions>
    </Filter>
    <Filter Include="Source Files\HardwareBuffer">
      <UniqueIdentifier>{8905a856-1543-414e-b1ce-0f3b9abed6ad}</UniqueIdentifier>
    </Filter>
    <Filter Include="Source Files\Mesh">
      <UniqueIdentifier>{2ff2f50b-bf80-4473-9ccf-020f8e415131}</UniqueIdentifier>
    </Filter>
    <Filter Include="Resource Files">
      <UniqueIdentifier>{67DA6AB6-F800-4c08-8B7A-83BB121AAD01}</UniqueIdentifier>
      <Extensions>rc;ico;cur;bmp;dlg;rc2;rct;bin;rgs;gif;jpg;jpeg;jpe;resx</Extensions>
    </Filter>
  </ItemGroup>
  <ItemGroup>
    <ClCompile Include="BoneFix.cpp">
      <Filter>Source Files</Filter>
    </ClCompile>
    <ClCompile Include="CheckList.cpp">
      <Filter>Source Files</Filter>
    </ClCompile>
    <ClCompile Include="CSkeInfoDlg.cpp">
      <Filter>Source Files</Filter>
    </ClCompile>
    <ClCompile Include="ExpPlugin.cpp">
      <Filter>Source Files</Filter>
    </ClCompile>
    <ClCompile Include="GLobD3d.cpp">
      <Filter>Source Files</Filter>
    </ClCompile>
    <ClCompile Include="Model.cpp">
      <Filter>Source Files</Filter>
    </ClCompile>
    <ClCompile Include="PathLogDlg.cpp">
      <Filter>Source Files</Filter>
    </ClCompile>
    <ClCompile Include="PieceCpList.cpp">
      <Filter>Source Files</Filter>
    </ClCompile>
    <ClCompile Include="PropSelectDlg.cpp">
      <Filter>Source Files</Filter>
    </ClCompile>
    <ClCompile Include="SoftClothDlg.cpp">
      <Filter>Source Files</Filter>
    </ClCompile>
    <ClCompile Include="stdafx.cpp">
      <Filter>Source Files</Filter>
    </ClCompile>
    <ClCompile Include="CPluginDataSources.cpp">
      <Filter>Source Files\HardwareBuffer</Filter>
    </ClCompile>
    <ClCompile Include="CPluginIndexBuffer.cpp">
      <Filter>Source Files\HardwareBuffer</Filter>
    </ClCompile>
    <ClCompile Include="CPluginVertexBuffer.cpp">
      <Filter>Source Files\HardwareBuffer</Filter>
    </ClCompile>
    <ClCompile Include="CPluginMeshBase.cpp">
      <Filter>Source Files\Mesh</Filter>
    </ClCompile>
    <ClCompile Include="CPluginSkeletalMesh.cpp">
      <Filter>Source Files\Mesh</Filter>
    </ClCompile>
    <ClCompile Include="CPluginStaticMesh.cpp">
      <Filter>Source Files\Mesh</Filter>
    </ClCompile>
    <ClCompile Include="CPluginVertexAniMesh.cpp">
      <Filter>Source Files\Mesh</Filter>
    </ClCompile>
  </ItemGroup>
  <ItemGroup>
    <ClInclude Include="BoneFix.h">
      <Filter>Source Files</Filter>
    </ClInclude>
    <ClInclude Include="BonesPro.h">
      <Filter>Source Files</Filter>
    </ClInclude>
    <ClInclude Include="CFourCC.h">
      <Filter>Source Files</Filter>
    </ClInclude>
    <ClInclude Include="CheckList.h">
      <Filter>Source Files</Filter>
    </ClInclude>
    <ClInclude Include="CSkeInfoDlg.h">
      <Filter>Source Files</Filter>
    </ClInclude>
    <ClInclude Include="Ctl3d.h">
      <Filter>Source Files</Filter>
    </ClInclude>
    <ClInclude Include="Exp.h">
      <Filter>Source Files</Filter>
    </ClInclude>
    <ClInclude Include="ExpPlugin.h">
      <Filter>Source Files</Filter>
    </ClInclude>
    <ClInclude Include="GlobD3d.h">
      <Filter>Source Files</Filter>
    </ClInclude>
    <ClInclude Include="Model.h">
      <Filter>Source Files</Filter>
    </ClInclude>
    <ClInclude Include="PathLogDlg.h">
      <Filter>Source Files</Filter>
    </ClInclude>
    <ClInclude Include="PieceCpList.h">
      <Filter>Source Files</Filter>
    </ClInclude>
    <ClInclude Include="PropSelectDlg.h">
      <Filter>Source Files</Filter>
    </ClInclude>
    <ClInclude Include="Resource.h">
      <Filter>Source Files</Filter>
    </ClInclude>
    <ClInclude Include="SoftClothDlg.h">
      <Filter>Source Files</Filter>
    </ClInclude>
    <ClInclude Include="stdafx.h">
      <Filter>Source Files</Filter>
    </ClInclude>
    <ClInclude Include="CPluginDataSources.h">
      <Filter>Source Files\HardwareBuffer</Filter>
    </ClInclude>
    <ClInclude Include="CPluginIndexBuffer.h">
      <Filter>Source Files\HardwareBuffer</Filter>
    </ClInclude>
    <ClInclude Include="CPluginVertexBuffer.h">
      <Filter>Source Files\HardwareBuffer</Filter>
    </ClInclude>
    <ClInclude Include="CPluginMeshBase.h">
      <Filter>Source Files\Mesh</Filter>
    </ClInclude>
    <ClInclude Include="CPluginSkeletalMesh.h">
      <Filter>Source Files\Mesh</Filter>
    </ClInclude>
    <ClInclude Include="CPluginStaticMesh.h">
      <Filter>Source Files\Mesh</Filter>
    </ClInclude>
    <ClInclude Include="CPluginVertexAniMesh.h">
      <Filter>Source Files\Mesh</Filter>
    </ClInclude>
  </ItemGroup>
  <ItemGroup>
    <None Include="ExpPlugin.def">
      <Filter>Source Files</Filter>
    </None>
    <None Include="res\ExpPlugin.rc2">
      <Filter>Resource Files</Filter>
    </None>
    <None Include="BoneFix.htm" />
    <None Include="ReadMe.txt" />
  </ItemGroup>
  <ItemGroup>
    <ResourceCompile Include="ExpPlugin.rc">
      <Filter>Resource Files</Filter>
    </ResourceCompile>
  </ItemGroup>
</Project>