<?xml version="1.0" encoding="utf-8"?>
<Project ToolsVersion="4.0" xmlns="http://schemas.microsoft.com/developer/msbuild/2003">
  <ItemGroup>
    <Filter Include="Source Files">
      <UniqueIdentifier>{4FC737F1-C7A5-4376-A066-2A32D752A2FF}</UniqueIdentifier>
      <Extensions>cpp;c;cxx;def;odl;idl;hpj;bat;asm;asmx</Extensions>
    </Filter>
    <Filter Include="Header Files">
      <UniqueIdentifier>{93995380-89BD-4b04-88EB-625FBE52EBFB}</UniqueIdentifier>
      <Extensions>h;hpp;hxx;hm;inl;inc;xsd</Extensions>
    </Filter>
    <Filter Include="Resource Files">
      <UniqueIdentifier>{67DA6AB6-F800-4c08-8B7A-83BB121AAD01}</UniqueIdentifier>
      <Extensions>rc;ico;cur;bmp;dlg;rc2;rct;bin;rgs;gif;jpg;jpeg;jpe;resx</Extensions>
    </Filter>
    <Filter Include="Common">
      <UniqueIdentifier>{e3955237-8a15-46ed-9f49-26cc4d829b5e}</UniqueIdentifier>
    </Filter>
  </ItemGroup>
  <ItemGroup>
    <ClCompile Include="CAudioDiff.cpp">
      <Filter>Source Files</Filter>
    </ClCompile>
    <ClCompile Include="CBaseDiff.cpp">
      <Filter>Source Files</Filter>
    </ClCompile>
    <ClCompile Include="GenerateHash.cpp">
      <Filter>Source Files</Filter>
    </ClCompile>
    <ClCompile Include="Main.cpp">
      <Filter>Source Files</Filter>
    </ClCompile>
    <ClCompile Include="MakePatch.cpp">
      <Filter>Source Files</Filter>
    </ClCompile>
    <ClCompile Include="FileProcess.cpp">
      <Filter>Common</Filter>
    </ClCompile>
    <ClCompile Include="StringProcess.cpp">
      <Filter>Common</Filter>
    </ClCompile>
  </ItemGroup>
  <ItemGroup>
    <ClInclude Include="CAudioDiff.h">
      <Filter>Header Files</Filter>
    </ClInclude>
    <ClInclude Include="CBaseDiff.h">
      <Filter>Header Files</Filter>
    </ClInclude>
    <ClInclude Include="GenerateHash.h">
      <Filter>Header Files</Filter>
    </ClInclude>
    <ClInclude Include="IDiff.h">
      <Filter>Header Files</Filter>
    </ClInclude>
    <ClInclude Include="MakePatch.h">
      <Filter>Header Files</Filter>
    </ClInclude>
    <ClInclude Include="stdafx.h">
      <Filter>Header Files</Filter>
    </ClInclude>
    <ClInclude Include="AssertTreat.h">
      <Filter>Common</Filter>
    </ClInclude>
    <ClInclude Include="FileProcess.h">
      <Filter>Common</Filter>
    </ClInclude>
    <ClInclude Include="StringProcess.h">
      <Filter>Common</Filter>
    </ClInclude>
  </ItemGroup>
  <ItemGroup>
    <None Include="ReadMe.txt" />
  </ItemGroup>
</Project>