<?xml version="1.0" encoding="utf-8"?>
<Project ToolsVersion="4.0" xmlns="http://schemas.microsoft.com/developer/msbuild/2003">
  <ItemGroup>
    <Filter Include="Source Files">
      <UniqueIdentifier>{4FC737F1-C7A5-4376-A066-2A32D752A2FF}</UniqueIdentifier>
      <Extensions>cpp;c;cxx;def;odl;idl;hpj;bat;asm;asmx</Extensions>
    </Filter>
    <Filter Include="Header Files">
      <UniqueIdentifier>{93995380-89BD-4b04-88EB-625FBE52EBFB}</UniqueIdentifier>
      <Extensions>h;hpp;hxx;hm;inl;inc;xsd</Extensions>
    </Filter>
    <Filter Include="Resource Files">
      <UniqueIdentifier>{67DA6AB6-F800-4c08-8B7A-83BB121AAD01}</UniqueIdentifier>
      <Extensions>rc;ico;cur;bmp;dlg;rc2;rct;bin;rgs;gif;jpg;jpeg;jpe;resx</Extensions>
    </Filter>
  </ItemGroup>
  <ItemGroup>
    <ClCompile Include="AutoBatDlg.cpp">
      <Filter>Source Files</Filter>
    </ClCompile>
    <ClCompile Include="D3dd.cpp">
      <Filter>Source Files</Filter>
    </ClCompile>
    <ClCompile Include="DDSConvertDlg.cpp">
      <Filter>Source Files</Filter>
    </ClCompile>
    <ClCompile Include="FileTree.cpp">
      <Filter>Source Files</Filter>
    </ClCompile>
    <ClCompile Include="FormatSelectDlg.cpp">
      <Filter>Source Files</Filter>
    </ClCompile>
    <ClCompile Include="GetInputStr.cpp">
      <Filter>Source Files</Filter>
    </ClCompile>
    <ClCompile Include="MainFrm.cpp">
      <Filter>Source Files</Filter>
    </ClCompile>
    <ClCompile Include="MyEdit.cpp">
      <Filter>Source Files</Filter>
    </ClCompile>
    <ClCompile Include="stdafx.cpp">
      <Filter>Source Files</Filter>
    </ClCompile>
    <ClCompile Include="Texture.cpp">
      <Filter>Source Files</Filter>
    </ClCompile>
    <ClCompile Include="TextureEditor.cpp">
      <Filter>Source Files</Filter>
    </ClCompile>
    <ClCompile Include="TextureEditorDoc.cpp">
      <Filter>Source Files</Filter>
    </ClCompile>
    <ClCompile Include="TextureEditorView.cpp">
      <Filter>Source Files</Filter>
    </ClCompile>
  </ItemGroup>
  <ItemGroup>
    <ClInclude Include="AutoBatDlg.h">
      <Filter>Header Files</Filter>
    </ClInclude>
    <ClInclude Include="D3dd.h">
      <Filter>Header Files</Filter>
    </ClInclude>
    <ClInclude Include="DDSConvertDlg.h">
      <Filter>Header Files</Filter>
    </ClInclude>
    <ClInclude Include="FileTree.h">
      <Filter>Header Files</Filter>
    </ClInclude>
    <ClInclude Include="FormatSelectDlg.h">
      <Filter>Header Files</Filter>
    </ClInclude>
    <ClInclude Include="GetInputStr.h">
      <Filter>Header Files</Filter>
    </ClInclude>
    <ClInclude Include="MainFrm.h">
      <Filter>Header Files</Filter>
    </ClInclude>
    <ClInclude Include="MyEdit.h">
      <Filter>Header Files</Filter>
    </ClInclude>
    <ClInclude Include="Resource.h">
      <Filter>Header Files</Filter>
    </ClInclude>
    <ClInclude Include="stdafx.h">
      <Filter>Header Files</Filter>
    </ClInclude>
    <ClInclude Include="Texture.h">
      <Filter>Header Files</Filter>
    </ClInclude>
    <ClInclude Include="TextureEditor.h">
      <Filter>Header Files</Filter>
    </ClInclude>
    <ClInclude Include="TextureEditorDoc.h">
      <Filter>Header Files</Filter>
    </ClInclude>
    <ClInclude Include="TextureEditorView.h">
      <Filter>Header Files</Filter>
    </ClInclude>
  </ItemGroup>
  <ItemGroup>
    <None Include="res\bmp.ico">
      <Filter>Resource Files</Filter>
    </None>
    <None Include="res\jpg.ico">
      <Filter>Resource Files</Filter>
    </None>
    <None Include="res\tex.ico">
      <Filter>Resource Files</Filter>
    </None>
    <None Include="res\TextureEditor.ico">
      <Filter>Resource Files</Filter>
    </None>
    <None Include="res\TextureEditor.rc2">
      <Filter>Resource Files</Filter>
    </None>
    <None Include="res\TextureEditorDoc.ico">
      <Filter>Resource Files</Filter>
    </None>
    <None Include="res\tga.ico">
      <Filter>Resource Files</Filter>
    </None>
    <None Include="res\Toolbar.bmp">
      <Filter>Resource Files</Filter>
    </None>
    <None Include="ReadMe.txt" />
  </ItemGroup>
  <ItemGroup>
    <ResourceCompile Include="TextureEditor.rc">
      <Filter>Resource Files</Filter>
    </ResourceCompile>
  </ItemGroup>
  <ItemGroup>
    <CustomBuildStep Include="res\TextureEditor.manifest" />
  </ItemGroup>
</Project>