<?xml version="1.0" encoding="utf-8"?>
<Project ToolsVersion="4.0" xmlns="http://schemas.microsoft.com/developer/msbuild/2003">
  <ItemGroup>
    <Filter Include="战斗">
      <UniqueIdentifier>{3633b989-ea63-4c8d-9482-d3cc8613ae71}</UniqueIdentifier>
    </Filter>
    <Filter Include="战斗\魔法">
      <UniqueIdentifier>{dba749a3-6f19-4550-814d-dfb4a8b8a96b}</UniqueIdentifier>
    </Filter>
    <Filter Include="战斗\魔法\Cfg">
      <UniqueIdentifier>{422ed52c-8df4-424e-8125-1a97357d9c8b}</UniqueIdentifier>
    </Filter>
    <Filter Include="战斗\对象">
      <UniqueIdentifier>{8f925245-52b2-4adb-a80d-08c9cfa77b23}</UniqueIdentifier>
    </Filter>
    <Filter Include="战斗\状态">
      <UniqueIdentifier>{1722dbe3-6fa4-4075-a44e-13015a8555ff}</UniqueIdentifier>
    </Filter>
    <Filter Include="战斗\状态\魔法状态">
      <UniqueIdentifier>{b389816e-40f5-4a31-bb41-566b6d1ed89d}</UniqueIdentifier>
    </Filter>
    <Filter Include="战斗\状态\公共">
      <UniqueIdentifier>{b3633163-12fe-44c4-92c2-91bff92a7455}</UniqueIdentifier>
    </Filter>
    <Filter Include="战斗\状态\其它状态">
      <UniqueIdentifier>{ed0efb51-987f-4c44-a7c7-dd9377dbc31d}</UniqueIdentifier>
    </Filter>
    <Filter Include="战斗\状态\其它状态\特殊状态">
      <UniqueIdentifier>{b8f6b9ed-3ea7-4370-87ae-4939b9e428d7}</UniqueIdentifier>
    </Filter>
    <Filter Include="战斗\状态\其它状态\可触发状态">
      <UniqueIdentifier>{f6ad4c39-869d-48dd-916d-ea879bba1318}</UniqueIdentifier>
    </Filter>
    <Filter Include="战斗\状态\其它状态\可触发状态\伤害变更状态">
      <UniqueIdentifier>{cfd0b56c-206b-4b90-a196-4229f54f0557}</UniqueIdentifier>
    </Filter>
    <Filter Include="战斗\状态\其它状态\可触发状态\触发器状态">
      <UniqueIdentifier>{1a1c576a-7347-45a1-8ddc-5b7f80e11b70}</UniqueIdentifier>
    </Filter>
    <Filter Include="战斗\状态\其它状态\可触发状态\积累触发状态">
      <UniqueIdentifier>{952824b9-892e-4ae3-aa2b-999fcf262091}</UniqueIdentifier>
    </Filter>
    <Filter Include="战斗\流程">
      <UniqueIdentifier>{2889d685-7d95-41a6-ab18-21f70f71e54c}</UniqueIdentifier>
    </Filter>
    <Filter Include="战斗\效果">
      <UniqueIdentifier>{68b458e0-ef7a-4bc4-bf66-22af7e203030}</UniqueIdentifier>
    </Filter>
    <Filter Include="战斗\效果\操作">
      <UniqueIdentifier>{773cf0ca-d4db-4e9e-b2d3-0f03583dcb1c}</UniqueIdentifier>
    </Filter>
    <Filter Include="战斗\效果\条件">
      <UniqueIdentifier>{a562673f-a637-447a-b5fb-4714690607bb}</UniqueIdentifier>
    </Filter>
    <Filter Include="战斗\公共">
      <UniqueIdentifier>{c7730f92-c454-41e5-b959-6f05dc7462bc}</UniqueIdentifier>
    </Filter>
    <Filter Include="战斗\技能">
      <UniqueIdentifier>{b9947f1b-8e5b-4f12-aa63-0f3a3da1616e}</UniqueIdentifier>
    </Filter>
    <Filter Include="战斗\普攻">
      <UniqueIdentifier>{49e19341-5de9-4b33-805f-274a27189ab4}</UniqueIdentifier>
    </Filter>
    <Filter Include="战斗\属性">
      <UniqueIdentifier>{62ae81e5-e8a9-4fd4-972a-f68dc13c28c9}</UniqueIdentifier>
    </Filter>
    <Filter Include="战斗\集合">
      <UniqueIdentifier>{26e63a22-7066-4fa2-bcc7-2477fd435beb}</UniqueIdentifier>
    </Filter>
    <Filter Include="战斗\测试">
      <UniqueIdentifier>{a25e6055-3b84-4cac-ab51-83fc02d92635}</UniqueIdentifier>
    </Filter>
    <Filter Include="战斗\爆魂">
      <UniqueIdentifier>{ac472578-cdd1-46a9-8916-926797989ede}</UniqueIdentifier>
    </Filter>
    <Filter Include="战斗\统计">
      <UniqueIdentifier>{b35ab892-57ba-4a76-931b-9fdc625ca256}</UniqueIdentifier>
    </Filter>
    <Filter Include="框架">
      <UniqueIdentifier>{d3691e3e-3761-4bb8-9ea2-a24d8d0f605a}</UniqueIdentifier>
    </Filter>
    <Filter Include="NPC">
      <UniqueIdentifier>{75697e08-b34a-4676-8517-44adcfe4841e}</UniqueIdentifier>
    </Filter>
    <Filter Include="NPC\状态机">
      <UniqueIdentifier>{14262ea3-8b5f-4bca-8dad-bc693a436f03}</UniqueIdentifier>
    </Filter>
    <Filter Include="NPC\构造">
      <UniqueIdentifier>{5eeb1a82-15a9-480e-9952-006c3b9ebdaa}</UniqueIdentifier>
    </Filter>
    <Filter Include="NPC\表格数据">
      <UniqueIdentifier>{f8603b2f-e5da-4133-b904-37bae91a30fb}</UniqueIdentifier>
    </Filter>
    <Filter Include="NPC\对象">
      <UniqueIdentifier>{1a53d353-d688-43d0-97e7-9a63030acd56}</UniqueIdentifier>
    </Filter>
    <Filter Include="NPC\对象\普通">
      <UniqueIdentifier>{305d8013-5847-47d1-b0af-65b7e788a031}</UniqueIdentifier>
    </Filter>
    <Filter Include="NPC\对象\召唤兽">
      <UniqueIdentifier>{0655331b-6b07-4f29-ae47-dd84dc51a2cc}</UniqueIdentifier>
    </Filter>
    <Filter Include="NPC\对象\个性">
      <UniqueIdentifier>{233237d9-1e42-47b3-8fff-9c1eb9ac4f07}</UniqueIdentifier>
    </Filter>
    <Filter Include="NPC\对象\团队">
      <UniqueIdentifier>{9b0be3fb-8fcb-4dbf-b57f-9d36da97139a}</UniqueIdentifier>
    </Filter>
    <Filter Include="NPC\仇恨管理">
      <UniqueIdentifier>{37d654d7-b8d5-4da5-922a-5d4b1aab0334}</UniqueIdentifier>
    </Filter>
    <Filter Include="NPC\仇恨管理\内存池">
      <UniqueIdentifier>{7c16925d-fc8e-43a6-a10c-281183212a8a}</UniqueIdentifier>
    </Filter>
    <Filter Include="NPC\技能规则">
      <UniqueIdentifier>{e1143706-06b2-4c37-aa5b-2b6dc96a61a7}</UniqueIdentifier>
    </Filter>
    <Filter Include="NPC\技能规则\规则">
      <UniqueIdentifier>{b37be281-abf4-4e83-8679-fe039d319130}</UniqueIdentifier>
    </Filter>
    <Filter Include="NPC\技能规则\定义">
      <UniqueIdentifier>{df93e3b0-1216-4ce9-b945-eb25eda5cfce}</UniqueIdentifier>
    </Filter>
    <Filter Include="NPC\技能规则\触发">
      <UniqueIdentifier>{4e38dfb5-3a1b-473b-be40-d43b2684c5c7}</UniqueIdentifier>
    </Filter>
    <Filter Include="NPC\技能规则\管理">
      <UniqueIdentifier>{8647ec61-0084-4284-88b8-2aa97fbb8d37}</UniqueIdentifier>
    </Filter>
    <Filter Include="NPC\技能规则\目标">
      <UniqueIdentifier>{b31fcea0-540b-4e35-8c6f-737de11c0ac5}</UniqueIdentifier>
    </Filter>
    <Filter Include="NPC\属性">
      <UniqueIdentifier>{9f78efe5-bbd7-466e-a310-54b258caa6c8}</UniqueIdentifier>
    </Filter>
    <Filter Include="NPC\队列管理">
      <UniqueIdentifier>{3a5214fd-4f98-4159-ac34-13b19d0182ab}</UniqueIdentifier>
    </Filter>
    <Filter Include="NPC\召唤兽管理">
      <UniqueIdentifier>{23fe0205-a7e0-4940-9a85-72bf8afabd00}</UniqueIdentifier>
    </Filter>
    <Filter Include="NPC\Npc消息">
      <UniqueIdentifier>{081525c4-f3e8-491a-9352-5d115e3fa9f4}</UniqueIdentifier>
    </Filter>
    <Filter Include="NPC\警戒管理">
      <UniqueIdentifier>{ce6b40b3-4edf-43dc-91d4-251d6f6693ae}</UniqueIdentifier>
    </Filter>
    <Filter Include="角色">
      <UniqueIdentifier>{50ce68d6-fc39-4508-8aa9-8a7dc96ba5b6}</UniqueIdentifier>
    </Filter>
    <Filter Include="动作">
      <UniqueIdentifier>{b0d51628-488e-42fb-8fe8-9311cd801050}</UniqueIdentifier>
    </Filter>
    <Filter Include="交互对象">
      <UniqueIdentifier>{2ab0d991-36b3-41a2-9ebd-0a870178ece2}</UniqueIdentifier>
    </Filter>
    <Filter Include="游戏实体">
      <UniqueIdentifier>{1575630f-1439-48d4-a8b5-cd8476987f92}</UniqueIdentifier>
    </Filter>
    <Filter Include="连接">
      <UniqueIdentifier>{77d99f16-64e5-4585-9305-0187fa23d98e}</UniqueIdentifier>
    </Filter>
    <Filter Include="AOI分层">
      <UniqueIdentifier>{0410edbe-b902-4b3c-9355-dd20737edd57}</UniqueIdentifier>
    </Filter>
    <Filter Include="反外挂">
      <UniqueIdentifier>{c0b0146a-e2ac-4fda-93e9-4354fe2eaf87}</UniqueIdentifier>
    </Filter>
    <Filter Include="场景">
      <UniqueIdentifier>{f9117e1e-1566-4f62-854b-f44d4a932a86}</UniqueIdentifier>
    </Filter>
    <Filter Include="YY">
      <UniqueIdentifier>{3df9bf0e-8d3f-4ab4-802b-b1bf776560f8}</UniqueIdentifier>
    </Filter>
    <Filter Include="WeiBo">
      <UniqueIdentifier>{0dda4195-5de1-43cb-b9d9-79243a39e9fd}</UniqueIdentifier>
    </Filter>
    <Filter Include="WeiBo\wb">
      <UniqueIdentifier>{b0a59d47-11c8-4363-9f59-a15f3a795a73}</UniqueIdentifier>
    </Filter>
    <Filter Include="WeiBo\wb\callback">
      <UniqueIdentifier>{4265d2d6-14e7-447f-834f-1eda81b13760}</UniqueIdentifier>
    </Filter>
    <Filter Include="WeiBo\头文件">
      <UniqueIdentifier>{c52b55b3-e4c9-473f-a1c9-f606695f77eb}</UniqueIdentifier>
    </Filter>
    <Filter Include="WeiBo\源文件">
      <UniqueIdentifier>{6c19334e-2b79-4f5c-9f39-1d17990eb656}</UniqueIdentifier>
    </Filter>
  </ItemGroup>
  <ItemGroup>
    <ClCompile Include="CAureMagicServer.cpp">
      <Filter>战斗\魔法</Filter>
    </ClCompile>
    <ClCompile Include="CBarrierMagicServer.cpp">
      <Filter>战斗\魔法</Filter>
    </ClCompile>
    <ClCompile Include="CBattleArrayMagicServer.cpp">
      <Filter>战斗\魔法</Filter>
    </ClCompile>
    <ClCompile Include="CBulletMagicServer.cpp">
      <Filter>战斗\魔法</Filter>
    </ClCompile>
    <ClCompile Include="CMagicMgrServer.cpp">
      <Filter>战斗\魔法</Filter>
    </ClCompile>
    <ClCompile Include="CMagicServer.cpp">
      <Filter>战斗\魔法</Filter>
    </ClCompile>
    <ClCompile Include="CMoveMagicServer.cpp">
      <Filter>战斗\魔法</Filter>
    </ClCompile>
    <ClCompile Include="CPositionMagicServer.cpp">
      <Filter>战斗\魔法</Filter>
    </ClCompile>
    <ClCompile Include="CShockWaveMagicServer.cpp">
      <Filter>战斗\魔法</Filter>
    </ClCompile>
    <ClCompile Include="CTotemMagicServer.cpp">
      <Filter>战斗\魔法</Filter>
    </ClCompile>
    <ClCompile Include="CTransferableMagicServer.cpp">
      <Filter>战斗\魔法</Filter>
    </ClCompile>
    <ClCompile Include="MoveMagicServerHelper.cpp">
      <Filter>战斗\魔法</Filter>
    </ClCompile>
    <ClCompile Include="CAureMagicCfgServer.cpp">
      <Filter>战斗\魔法\Cfg</Filter>
    </ClCompile>
    <ClCompile Include="CBarrierMagicCfgServer.cpp">
      <Filter>战斗\魔法\Cfg</Filter>
    </ClCompile>
    <ClCompile Include="CBattleArrayMagicCfgServer.cpp">
      <Filter>战斗\魔法\Cfg</Filter>
    </ClCompile>
    <ClCompile Include="CBulletMagicCfgServer.cpp">
      <Filter>战斗\魔法\Cfg</Filter>
    </ClCompile>
    <ClCompile Include="CMagicCfgServer.cpp">
      <Filter>战斗\魔法\Cfg</Filter>
    </ClCompile>
    <ClCompile Include="CMoveMagicCfgServer.cpp">
      <Filter>战斗\魔法\Cfg</Filter>
    </ClCompile>
    <ClCompile Include="CPositionMagicCfgServer.cpp">
      <Filter>战斗\魔法\Cfg</Filter>
    </ClCompile>
    <ClCompile Include="CShockWaveMagicCfgServer.cpp">
      <Filter>战斗\魔法\Cfg</Filter>
    </ClCompile>
    <ClCompile Include="CTotemMagicCfgServer.cpp">
      <Filter>战斗\魔法\Cfg</Filter>
    </ClCompile>
    <ClCompile Include="CTransferableMagicCfgServer.cpp">
      <Filter>战斗\魔法\Cfg</Filter>
    </ClCompile>
    <ClCompile Include="CFighterDictator.cpp">
      <Filter>战斗\对象</Filter>
    </ClCompile>
    <ClCompile Include="CFighterMediator.cpp">
      <Filter>战斗\对象</Filter>
    </ClCompile>
    <ClCompile Include="CMagicState.cpp">
      <Filter>战斗\状态\魔法状态</Filter>
    </ClCompile>
    <ClCompile Include="CMagicStateCfg.cpp">
      <Filter>战斗\状态\魔法状态</Filter>
    </ClCompile>
    <ClCompile Include="CMagicStateMgr.cpp">
      <Filter>战斗\状态\魔法状态</Filter>
    </ClCompile>
    <ClCompile Include="CRivalStateMgr.cpp">
      <Filter>战斗\状态\魔法状态</Filter>
    </ClCompile>
    <ClCompile Include="CAllStateMgr.cpp">
      <Filter>战斗\状态\公共</Filter>
    </ClCompile>
    <ClCompile Include="CBaseStateCfgServer.cpp">
      <Filter>战斗\状态\公共</Filter>
    </ClCompile>
    <ClCompile Include="CBaseStateServer.cpp">
      <Filter>战斗\状态\公共</Filter>
    </ClCompile>
    <ClCompile Include="CForceNoSaveState.cpp">
      <Filter>战斗\状态\公共</Filter>
    </ClCompile>
    <ClCompile Include="CPersistentState.cpp">
      <Filter>战斗\状态\公共</Filter>
    </ClCompile>
    <ClCompile Include="CSizeChangeMgr.cpp">
      <Filter>战斗\状态\公共</Filter>
    </ClCompile>
    <ClCompile Include="CStateCondFunctor.cpp">
      <Filter>战斗\状态\公共</Filter>
    </ClCompile>
    <ClCompile Include="CStateDBData.cpp">
      <Filter>战斗\状态\公共</Filter>
    </ClCompile>
    <ClCompile Include="COtherStateMgr.cpp">
      <Filter>战斗\状态\其它状态</Filter>
    </ClCompile>
    <ClCompile Include="CDirMoveState.cpp">
      <Filter>战斗\状态\其它状态\特殊状态</Filter>
    </ClCompile>
    <ClCompile Include="CSpecialState.cpp">
      <Filter>战斗\状态\其它状态\特殊状态</Filter>
    </ClCompile>
    <ClCompile Include="CSpecialStateCfg.cpp">
      <Filter>战斗\状态\其它状态\特殊状态</Filter>
    </ClCompile>
    <ClCompile Include="CSpecialStateMgr.cpp">
      <Filter>战斗\状态\其它状态\特殊状态</Filter>
    </ClCompile>
    <ClCompile Include="CTriggerableState.cpp">
      <Filter>战斗\状态\其它状态\可触发状态</Filter>
    </ClCompile>
    <ClCompile Include="CTriggerableStateCfg.cpp">
      <Filter>战斗\状态\其它状态\可触发状态</Filter>
    </ClCompile>
    <ClCompile Include="CTriggerableStateMgr.cpp">
      <Filter>战斗\状态\其它状态\可触发状态</Filter>
    </ClCompile>
    <ClCompile Include="CTriggerEvent.cpp">
      <Filter>战斗\状态\其它状态\可触发状态</Filter>
    </ClCompile>
    <ClCompile Include="CTriggerEventCfg.cpp">
      <Filter>战斗\状态\其它状态\可触发状态</Filter>
    </ClCompile>
    <ClCompile Include="CDamageChangeState.cpp">
      <Filter>战斗\状态\其它状态\可触发状态\伤害变更状态</Filter>
    </ClCompile>
    <ClCompile Include="CDamageChangeStateCfg.cpp">
      <Filter>战斗\状态\其它状态\可触发状态\伤害变更状态</Filter>
    </ClCompile>
    <ClCompile Include="CDamageChangeStateMgr.cpp">
      <Filter>战斗\状态\其它状态\可触发状态\伤害变更状态</Filter>
    </ClCompile>
    <ClCompile Include="CTriggerState.cpp">
      <Filter>战斗\状态\其它状态\可触发状态\触发器状态</Filter>
    </ClCompile>
    <ClCompile Include="CTriggerStateCfg.cpp">
      <Filter>战斗\状态\其它状态\可触发状态\触发器状态</Filter>
    </ClCompile>
    <ClCompile Include="CTriggerStateMgr.cpp">
      <Filter>战斗\状态\其它状态\可触发状态\触发器状态</Filter>
    </ClCompile>
    <ClCompile Include="CCumuliTriggerState.cpp">
      <Filter>战斗\状态\其它状态\可触发状态\积累触发状态</Filter>
    </ClCompile>
    <ClCompile Include="CCumuliTriggerStateCfg.cpp">
      <Filter>战斗\状态\其它状态\可触发状态\积累触发状态</Filter>
    </ClCompile>
    <ClCompile Include="CCumuliTriggerStateMgr.cpp">
      <Filter>战斗\状态\其它状态\可触发状态\积累触发状态</Filter>
    </ClCompile>
    <ClCompile Include="CCastingProcess.cpp">
      <Filter>战斗\流程</Filter>
    </ClCompile>
    <ClCompile Include="CCastingProcessCfg.cpp">
      <Filter>战斗\流程</Filter>
    </ClCompile>
    <ClCompile Include="CCastingProcessMallocObject.cpp">
      <Filter>战斗\流程</Filter>
    </ClCompile>
    <ClCompile Include="CCfgArg.cpp">
      <Filter>战斗\效果</Filter>
    </ClCompile>
    <ClCompile Include="CMagicEffCfgServer.cpp">
      <Filter>战斗\效果</Filter>
    </ClCompile>
    <ClCompile Include="CMagicEffDataMgrServer.cpp">
      <Filter>战斗\效果</Filter>
    </ClCompile>
    <ClCompile Include="CMagicEffServer.cpp">
      <Filter>战斗\效果</Filter>
    </ClCompile>
    <ClCompile Include="CValueData.cpp">
      <Filter>战斗\效果</Filter>
    </ClCompile>
    <ClCompile Include="CBaseMagicOpServer.cpp">
      <Filter>战斗\效果\操作</Filter>
    </ClCompile>
    <ClCompile Include="CDelayMagicOpTick.cpp">
      <Filter>战斗\效果\操作</Filter>
    </ClCompile>
    <ClCompile Include="CFilterOpServer.cpp">
      <Filter>战斗\效果\操作</Filter>
    </ClCompile>
    <ClCompile Include="CFunctionMagicOpServer.cpp">
      <Filter>战斗\效果\操作</Filter>
    </ClCompile>
    <ClCompile Include="CMagicOpCfgArg.cpp">
      <Filter>战斗\效果\操作</Filter>
    </ClCompile>
    <ClCompile Include="CPosMagicOpServer.cpp">
      <Filter>战斗\效果\操作</Filter>
    </ClCompile>
    <ClCompile Include="CValueMagicOpServer.cpp">
      <Filter>战斗\效果\操作</Filter>
    </ClCompile>
    <ClCompile Include="MagicOpPoss_Function.cpp">
      <Filter>战斗\效果\操作</Filter>
    </ClCompile>
    <ClCompile Include="MagicOps_ChangeValue.cpp">
      <Filter>战斗\效果\操作</Filter>
    </ClCompile>
    <ClCompile Include="MagicOps_Damage.cpp">
      <Filter>战斗\效果\操作</Filter>
    </ClCompile>
    <ClCompile Include="MagicOps_Function.cpp">
      <Filter>战斗\效果\操作</Filter>
    </ClCompile>
    <ClCompile Include="CFunctionMagicCondServer.cpp">
      <Filter>战斗\效果\条件</Filter>
    </ClCompile>
    <ClCompile Include="CValueMagicCondServer.cpp">
      <Filter>战斗\效果\条件</Filter>
    </ClCompile>
    <ClCompile Include="MagicConds_Function.cpp">
      <Filter>战斗\效果\条件</Filter>
    </ClCompile>
    <ClCompile Include="MagicConds_TestValue.cpp">
      <Filter>战斗\效果\条件</Filter>
    </ClCompile>
    <ClCompile Include="CCfgCalcFunctionServer.cpp">
      <Filter>战斗\公共</Filter>
    </ClCompile>
    <ClCompile Include="CCfgCalcServer.cpp">
      <Filter>战斗\公共</Filter>
    </ClCompile>
    <ClCompile Include="CCfgRelationDeal.cpp">
      <Filter>战斗\公共</Filter>
    </ClCompile>
    <ClCompile Include="CFightSkillProf.cpp">
      <Filter>战斗\公共</Filter>
    </ClCompile>
    <ClCompile Include="CGenericTarget.cpp">
      <Filter>战斗\公共</Filter>
    </ClCompile>
    <ClCompile Include="CMagicStateInstServer.cpp">
      <Filter>战斗\公共</Filter>
    </ClCompile>
    <ClCompile Include="CMoveServerManager.cpp">
      <Filter>战斗\公共</Filter>
    </ClCompile>
    <ClCompile Include="CSkillInstServer.cpp">
      <Filter>战斗\公共</Filter>
    </ClCompile>
    <ClCompile Include="CSpeedChangeMgr.cpp">
      <Filter>战斗\公共</Filter>
    </ClCompile>
    <ClCompile Include="CTempVarServer.cpp">
      <Filter>战斗\公共</Filter>
    </ClCompile>
    <ClCompile Include="LoadAllCfg.cpp">
      <Filter>战斗\公共</Filter>
    </ClCompile>
    <ClCompile Include="CAniKeyFrameMgrServer.cpp">
      <Filter>战斗\技能</Filter>
    </ClCompile>
    <ClCompile Include="CCoolDownMgrServer.cpp">
      <Filter>战斗\技能</Filter>
    </ClCompile>
    <ClCompile Include="CPlayerSkillMgrServer.cpp">
      <Filter>战斗\技能</Filter>
    </ClCompile>
    <ClCompile Include="CSkillCfgServer.cpp">
      <Filter>战斗\技能</Filter>
    </ClCompile>
    <ClCompile Include="CSkillMgrServer.cpp">
      <Filter>战斗\技能</Filter>
    </ClCompile>
    <ClCompile Include="CSkillReplaceCfg.cpp">
      <Filter>战斗\技能</Filter>
    </ClCompile>
    <ClCompile Include="CSkillReplaceServer.cpp">
      <Filter>战斗\技能</Filter>
    </ClCompile>
    <ClCompile Include="CSkillServer.cpp">
      <Filter>战斗\技能</Filter>
    </ClCompile>
    <ClCompile Include="CTalentEffCfgServer.cpp">
      <Filter>战斗\技能</Filter>
    </ClCompile>
    <ClCompile Include="CTalentEffServer.cpp">
      <Filter>战斗\技能</Filter>
    </ClCompile>
    <ClCompile Include="CNormalAttackCfg.cpp">
      <Filter>战斗\普攻</Filter>
    </ClCompile>
    <ClCompile Include="NormalAttack.cpp">
      <Filter>战斗\普攻</Filter>
    </ClCompile>
    <ClCompile Include="AgilePropertyServer.cpp">
      <Filter>战斗\属性</Filter>
    </ClCompile>
    <ClCompile Include="CBattleStateManager.cpp">
      <Filter>战斗\属性</Filter>
    </ClCompile>
    <ClCompile Include="CPropertyTransaction.cpp">
      <Filter>战斗\属性</Filter>
    </ClCompile>
    <ClCompile Include="CRelationMgrServer.cpp">
      <Filter>战斗\属性</Filter>
    </ClCompile>
    <ClCompile Include="CPlayerSet.cpp">
      <Filter>战斗\集合</Filter>
    </ClCompile>
    <ClCompile Include="CTeamServerManager.cpp">
      <Filter>战斗\集合</Filter>
    </ClCompile>
    <ClCompile Include="CTestBulletMagic.cpp">
      <Filter>战斗\测试</Filter>
    </ClCompile>
    <ClCompile Include="CTestHurtResult.cpp">
      <Filter>战斗\测试</Filter>
    </ClCompile>
    <ClCompile Include="CTestShockWaveMagic.cpp">
      <Filter>战斗\测试</Filter>
    </ClCompile>
    <ClCompile Include="CBurstSoulCfgServer.cpp">
      <Filter>战斗\爆魂</Filter>
    </ClCompile>
    <ClCompile Include="CBurstSoulMgrServer.cpp">
      <Filter>战斗\爆魂</Filter>
    </ClCompile>
    <ClCompile Include="CActivityValueManager.cpp">
      <Filter>战斗\统计</Filter>
    </ClCompile>
    <ClCompile Include="CFightStatisticMgr.cpp">
      <Filter>战斗\统计</Filter>
    </ClCompile>
    <ClCompile Include="CGameConfigServer.cpp">
      <Filter>框架</Filter>
    </ClCompile>
    <ClCompile Include="CGameServerProxyBank.cpp">
      <Filter>框架</Filter>
    </ClCompile>
    <ClCompile Include="CheckSkill.cpp">
      <Filter>框架</Filter>
    </ClCompile>
    <ClCompile Include="CppGameServer.cpp">
      <Filter>框架</Filter>
    </ClCompile>
    <ClCompile Include="GameGas.cpp">
      <Filter>框架</Filter>
    </ClCompile>
    <ClCompile Include="RegistGasShell.cpp">
      <Filter>框架</Filter>
    </ClCompile>
    <ClCompile Include="stdafx.cpp">
      <Filter>框架</Filter>
    </ClCompile>
    <ClCompile Include="CNpcState.cpp">
      <Filter>NPC\状态机</Filter>
    </ClCompile>
    <ClCompile Include="CNpcStateMachine.cpp">
      <Filter>NPC\状态机</Filter>
    </ClCompile>
    <ClCompile Include="CNpcStateTransit.cpp">
      <Filter>NPC\状态机</Filter>
    </ClCompile>
    <ClCompile Include="StateMachineCheckValid.cpp">
      <Filter>NPC\状态机</Filter>
    </ClCompile>
    <ClCompile Include="CNpcServerCreator.cpp">
      <Filter>NPC\构造</Filter>
    </ClCompile>
    <ClCompile Include="CNpcAIBaseData.cpp">
      <Filter>NPC\表格数据</Filter>
    </ClCompile>
    <ClCompile Include="CNpcEnmityTargetFilterData.cpp">
      <Filter>NPC\表格数据</Filter>
    </ClCompile>
    <ClCompile Include="CNpcFightBaseData.cpp">
      <Filter>NPC\表格数据</Filter>
    </ClCompile>
    <ClCompile Include="CNpcResServerData.cpp">
      <Filter>NPC\表格数据</Filter>
    </ClCompile>
    <ClCompile Include="CNpcResServerDataCfg.cpp">
      <Filter>NPC\表格数据</Filter>
    </ClCompile>
    <ClCompile Include="CNpcServerBaseData.cpp">
      <Filter>NPC\表格数据</Filter>
    </ClCompile>
    <ClCompile Include="CNpcSpecialSkillCfg.cpp">
      <Filter>NPC\表格数据</Filter>
    </ClCompile>
    <ClCompile Include="CServantData.cpp">
      <Filter>NPC\表格数据</Filter>
    </ClCompile>
    <ClCompile Include="CServantDataCfg.cpp">
      <Filter>NPC\表格数据</Filter>
    </ClCompile>
    <ClCompile Include="CSkillRuleServer.cpp">
      <Filter>NPC\表格数据</Filter>
    </ClCompile>
    <ClCompile Include="CNpcAI.cpp">
      <Filter>NPC\对象\普通</Filter>
    </ClCompile>
    <ClCompile Include="CNpcAI_Event.cpp">
      <Filter>NPC\对象\普通</Filter>
    </ClCompile>
    <ClCompile Include="CNpcAI_Handler.cpp">
      <Filter>NPC\对象\普通</Filter>
    </ClCompile>
    <ClCompile Include="CNpcAI_Move.cpp">
      <Filter>NPC\对象\普通</Filter>
    </ClCompile>
    <ClCompile Include="CNpcAI_State.cpp">
      <Filter>NPC\对象\普通</Filter>
    </ClCompile>
    <ClCompile Include="CNpcAI_Tick.cpp">
      <Filter>NPC\对象\普通</Filter>
    </ClCompile>
    <ClCompile Include="CNpcAIState.cpp">
      <Filter>NPC\对象\普通</Filter>
    </ClCompile>
    <ClCompile Include="INpcAIHandler.cpp">
      <Filter>NPC\对象\普通</Filter>
    </ClCompile>
    <ClCompile Include="CLittlePetAI.cpp">
      <Filter>NPC\对象\召唤兽</Filter>
    </ClCompile>
    <ClCompile Include="CMagicBuildingAI.cpp">
      <Filter>NPC\对象\召唤兽</Filter>
    </ClCompile>
    <ClCompile Include="CServantAI.cpp">
      <Filter>NPC\对象\召唤兽</Filter>
    </ClCompile>
    <ClCompile Include="CServantAIState.cpp">
      <Filter>NPC\对象\召唤兽</Filter>
    </ClCompile>
    <ClCompile Include="CTotemAI.cpp">
      <Filter>NPC\对象\召唤兽</Filter>
    </ClCompile>
    <ClCompile Include="CTruckAI.cpp">
      <Filter>NPC\对象\召唤兽</Filter>
    </ClCompile>
    <ClCompile Include="CNpcAINature.cpp">
      <Filter>NPC\对象\个性</Filter>
    </ClCompile>
    <ClCompile Include="CNpcAINatureMgr.cpp">
      <Filter>NPC\对象\个性</Filter>
    </ClCompile>
    <ClCompile Include="CDummyAI.cpp">
      <Filter>NPC\对象\团队</Filter>
    </ClCompile>
    <ClCompile Include="CGroupAIState.cpp">
      <Filter>NPC\对象\团队</Filter>
    </ClCompile>
    <ClCompile Include="CMemberAI.cpp">
      <Filter>NPC\对象\团队</Filter>
    </ClCompile>
    <ClCompile Include="CNpcGroupMgr.cpp">
      <Filter>NPC\对象\团队</Filter>
    </ClCompile>
    <ClCompile Include="CDummyEnmityMgr.cpp">
      <Filter>NPC\仇恨管理</Filter>
    </ClCompile>
    <ClCompile Include="CEnmityMemberCheckTick.cpp">
      <Filter>NPC\仇恨管理</Filter>
    </ClCompile>
    <ClCompile Include="CEnmityMgr.cpp">
      <Filter>NPC\仇恨管理</Filter>
    </ClCompile>
    <ClCompile Include="CMemberEnmityMgr.cpp">
      <Filter>NPC\仇恨管理</Filter>
    </ClCompile>
    <ClCompile Include="CNpcChaosCoolDownTick.cpp">
      <Filter>NPC\仇恨管理</Filter>
    </ClCompile>
    <ClCompile Include="CNpcEnmityMember.cpp">
      <Filter>NPC\仇恨管理</Filter>
    </ClCompile>
    <ClCompile Include="CNpcEnmityMgr.cpp">
      <Filter>NPC\仇恨管理</Filter>
    </ClCompile>
    <ClCompile Include="INpcEnmityQueryCallback.cpp">
      <Filter>NPC\仇恨管理</Filter>
    </ClCompile>
    <ClCompile Include="CNpcAIDataMallocObject.cpp">
      <Filter>NPC\仇恨管理\内存池</Filter>
    </ClCompile>
    <ClCompile Include="CNpcAIMallocObject.cpp">
      <Filter>NPC\仇恨管理\内存池</Filter>
    </ClCompile>
    <ClCompile Include="CAlertExclaimRule.cpp">
      <Filter>NPC\技能规则\规则</Filter>
    </ClCompile>
    <ClCompile Include="CDoSceneSkillRule.cpp">
      <Filter>NPC\技能规则\规则</Filter>
    </ClCompile>
    <ClCompile Include="CDoSkillOnStateCondRule.cpp">
      <Filter>NPC\技能规则\规则</Filter>
    </ClCompile>
    <ClCompile Include="CExclaimRule.cpp">
      <Filter>NPC\技能规则\规则</Filter>
    </ClCompile>
    <ClCompile Include="CGoBackExclaimRule.cpp">
      <Filter>NPC\技能规则\规则</Filter>
    </ClCompile>
    <ClCompile Include="CMultiSkillRule.cpp">
      <Filter>NPC\技能规则\规则</Filter>
    </ClCompile>
    <ClCompile Include="CNotNpcTargetChangeRule.cpp">
      <Filter>NPC\技能规则\规则</Filter>
    </ClCompile>
    <ClCompile Include="CPhaseChgRule.cpp">
      <Filter>NPC\技能规则\规则</Filter>
    </ClCompile>
    <ClCompile Include="CSkillAroundRule.cpp">
      <Filter>NPC\技能规则\规则</Filter>
    </ClCompile>
    <ClCompile Include="CSkillRule.cpp">
      <Filter>NPC\技能规则\规则</Filter>
    </ClCompile>
    <ClCompile Include="CTargetChangeRule.cpp">
      <Filter>NPC\技能规则\规则</Filter>
    </ClCompile>
    <ClCompile Include="CRuleCondition.cpp">
      <Filter>NPC\技能规则\触发</Filter>
    </ClCompile>
    <ClCompile Include="CSkillRuleDoSkillMoveMgr.cpp">
      <Filter>NPC\技能规则\管理</Filter>
    </ClCompile>
    <ClCompile Include="CSkillRuleMgr.cpp">
      <Filter>NPC\技能规则\管理</Filter>
    </ClCompile>
    <ClCompile Include="CTargetFilter.cpp">
      <Filter>NPC\技能规则\目标</Filter>
    </ClCompile>
    <ClCompile Include="NpcInfoMgr.cpp">
      <Filter>NPC\属性</Filter>
    </ClCompile>
    <ClCompile Include="CNpcChaserQueueMgr.cpp">
      <Filter>NPC\队列管理</Filter>
    </ClCompile>
    <ClCompile Include="CNpcQueueMember.cpp">
      <Filter>NPC\队列管理</Filter>
    </ClCompile>
    <ClCompile Include="CNpcQueueMgr.cpp">
      <Filter>NPC\队列管理</Filter>
    </ClCompile>
    <ClCompile Include="CServantServerMgr.cpp">
      <Filter>NPC\召唤兽管理</Filter>
    </ClCompile>
    <ClCompile Include="IServantQueryCallback.cpp">
      <Filter>NPC\召唤兽管理</Filter>
    </ClCompile>
    <ClCompile Include="CNpcEventMsg.cpp">
      <Filter>NPC\Npc消息</Filter>
    </ClCompile>
    <ClCompile Include="CNpcAlertMember.cpp">
      <Filter>NPC\警戒管理</Filter>
    </ClCompile>
    <ClCompile Include="CNpcAlertMgr.cpp">
      <Filter>NPC\警戒管理</Filter>
    </ClCompile>
    <ClCompile Include="CCharacterDictator.cpp">
      <Filter>角色</Filter>
    </ClCompile>
    <ClCompile Include="CCharacterMediator.cpp">
      <Filter>角色</Filter>
    </ClCompile>
    <ClCompile Include="ICharacterDictatorCallbackHandler.cpp">
      <Filter>角色</Filter>
    </ClCompile>
    <ClCompile Include="ICharacterMediatorCallbackHandler.cpp">
      <Filter>角色</Filter>
    </ClCompile>
    <ClCompile Include="CActorIntObj.cpp">
      <Filter>动作</Filter>
    </ClCompile>
    <ClCompile Include="CActorServer.cpp">
      <Filter>动作</Filter>
    </ClCompile>
    <ClCompile Include="CAniKeyFrameCfg.cpp">
      <Filter>动作</Filter>
    </ClCompile>
    <ClCompile Include="CAniKeyFrameCfgCheck.cpp">
      <Filter>动作</Filter>
    </ClCompile>
    <ClCompile Include="CIntObjServer.cpp">
      <Filter>交互对象</Filter>
    </ClCompile>
    <ClCompile Include="CEntityServer.cpp">
      <Filter>游戏实体</Filter>
    </ClCompile>
    <ClCompile Include="CEntityServerCreator.cpp">
      <Filter>游戏实体</Filter>
    </ClCompile>
    <ClCompile Include="CEntityServerManager.cpp">
      <Filter>游戏实体</Filter>
    </ClCompile>
    <ClCompile Include="CObjIDPool.cpp">
      <Filter>游戏实体</Filter>
    </ClCompile>
    <ClCompile Include="CConnMgrServerHandler.cpp">
      <Filter>连接</Filter>
    </ClCompile>
    <ClCompile Include="CServerApexProxyMsgDispatcher.cpp">
      <Filter>连接</Filter>
    </ClCompile>
    <ClCompile Include="CServerCharacterMsgDispatcher.cpp">
      <Filter>连接</Filter>
    </ClCompile>
    <ClCompile Include="CServerFighterMsgDispatcher.cpp">
      <Filter>连接</Filter>
    </ClCompile>
    <ClCompile Include="CServerMsgDispatcher.cpp">
      <Filter>连接</Filter>
    </ClCompile>
    <ClCompile Include="CAoiDimMgr.cpp">
      <Filter>AOI分层</Filter>
    </ClCompile>
    <ClCompile Include="CApexConnHandler.cpp">
      <Filter>反外挂</Filter>
    </ClCompile>
    <ClCompile Include="CApexProxy.cpp">
      <Filter>反外挂</Filter>
    </ClCompile>
    <ClCompile Include="IGameGridRadiusCallback.cpp">
      <Filter>场景</Filter>
    </ClCompile>
    <ClCompile Include="CCpuUsageMgr.cpp">
      <Filter>战斗\统计</Filter>
    </ClCompile>
    <ClCompile Include="CYYServer.cpp">
      <Filter>YY</Filter>
    </ClCompile>
    <ClCompile Include="WeiBo\wbcallback.cpp">
      <Filter>WeiBo\wb</Filter>
    </ClCompile>
    <ClCompile Include="WeiBo\wbinit.cpp">
      <Filter>WeiBo\wb</Filter>
    </ClCompile>
    <ClCompile Include="WeiBo\CWeiBoServer.cpp">
      <Filter>WeiBo\源文件</Filter>
    </ClCompile>
    <ClCompile Include="WeiBo\option.cpp">
      <Filter>WeiBo\源文件</Filter>
    </ClCompile>
  </ItemGroup>
  <ItemGroup>
    <ClInclude Include="CAureMagicServer.h">
      <Filter>战斗\魔法</Filter>
    </ClInclude>
    <ClInclude Include="CBarrierMagicServer.h">
      <Filter>战斗\魔法</Filter>
    </ClInclude>
    <ClInclude Include="CBattleArrayMagicServer.h">
      <Filter>战斗\魔法</Filter>
    </ClInclude>
    <ClInclude Include="CBulletMagicServer.h">
      <Filter>战斗\魔法</Filter>
    </ClInclude>
    <ClInclude Include="CMagicMgrServer.h">
      <Filter>战斗\魔法</Filter>
    </ClInclude>
    <ClInclude Include="CMagicServer.h">
      <Filter>战斗\魔法</Filter>
    </ClInclude>
    <ClInclude Include="CMoveMagicServer.h">
      <Filter>战斗\魔法</Filter>
    </ClInclude>
    <ClInclude Include="CPositionMagicServer.h">
      <Filter>战斗\魔法</Filter>
    </ClInclude>
    <ClInclude Include="CShockWaveMagicServer.h">
      <Filter>战斗\魔法</Filter>
    </ClInclude>
    <ClInclude Include="CTotemMagicServer.h">
      <Filter>战斗\魔法</Filter>
    </ClInclude>
    <ClInclude Include="CTransferableMagicServer.h">
      <Filter>战斗\魔法</Filter>
    </ClInclude>
    <ClInclude Include="MoveMagicServerHelper.h">
      <Filter>战斗\魔法</Filter>
    </ClInclude>
    <ClInclude Include="CAureMagicCfgServer.h">
      <Filter>战斗\魔法\Cfg</Filter>
    </ClInclude>
    <ClInclude Include="CBarrierMagicCfgServer.h">
      <Filter>战斗\魔法\Cfg</Filter>
    </ClInclude>
    <ClInclude Include="CBattleArrayMagicCfgServer.h">
      <Filter>战斗\魔法\Cfg</Filter>
    </ClInclude>
    <ClInclude Include="CBulletMagicCfgServer.h">
      <Filter>战斗\魔法\Cfg</Filter>
    </ClInclude>
    <ClInclude Include="CMagicCfgServer.h">
      <Filter>战斗\魔法\Cfg</Filter>
    </ClInclude>
    <ClInclude Include="CMoveMagicCfgServer.h">
      <Filter>战斗\魔法\Cfg</Filter>
    </ClInclude>
    <ClInclude Include="CPositionMagicCfgServer.h">
      <Filter>战斗\魔法\Cfg</Filter>
    </ClInclude>
    <ClInclude Include="CShockWaveMagicCfgServer.h">
      <Filter>战斗\魔法\Cfg</Filter>
    </ClInclude>
    <ClInclude Include="CTotemMagicCfgServer.h">
      <Filter>战斗\魔法\Cfg</Filter>
    </ClInclude>
    <ClInclude Include="CTransferableMagicCfgServer.h">
      <Filter>战斗\魔法\Cfg</Filter>
    </ClInclude>
    <ClInclude Include="CFighterDictator.h">
      <Filter>战斗\对象</Filter>
    </ClInclude>
    <ClInclude Include="CFighterMediator.h">
      <Filter>战斗\对象</Filter>
    </ClInclude>
    <ClInclude Include="IFighterServerHandler.h">
      <Filter>战斗\对象</Filter>
    </ClInclude>
    <ClInclude Include="CMagicState.h">
      <Filter>战斗\状态\魔法状态</Filter>
    </ClInclude>
    <ClInclude Include="CMagicStateCfg.h">
      <Filter>战斗\状态\魔法状态</Filter>
    </ClInclude>
    <ClInclude Include="CMagicStateMgr.h">
      <Filter>战斗\状态\魔法状态</Filter>
    </ClInclude>
    <ClInclude Include="CRivalStateMgr.h">
      <Filter>战斗\状态\魔法状态</Filter>
    </ClInclude>
    <ClInclude Include="CAllStateMgr.h">
      <Filter>战斗\状态\公共</Filter>
    </ClInclude>
    <ClInclude Include="CBaseStateCfgServer.h">
      <Filter>战斗\状态\公共</Filter>
    </ClInclude>
    <ClInclude Include="CBaseStateServer.h">
      <Filter>战斗\状态\公共</Filter>
    </ClInclude>
    <ClInclude Include="CForceNoSaveState.h">
      <Filter>战斗\状态\公共</Filter>
    </ClInclude>
    <ClInclude Include="CPersistentState.h">
      <Filter>战斗\状态\公共</Filter>
    </ClInclude>
    <ClInclude Include="CSizeChangeMgr.h">
      <Filter>战斗\状态\公共</Filter>
    </ClInclude>
    <ClInclude Include="CStateCondFunctor.h">
      <Filter>战斗\状态\公共</Filter>
    </ClInclude>
    <ClInclude Include="CStateDBData.h">
      <Filter>战斗\状态\公共</Filter>
    </ClInclude>
    <ClInclude Include="COtherStateMgr.h">
      <Filter>战斗\状态\其它状态</Filter>
    </ClInclude>
    <ClInclude Include="CDirMoveState.h">
      <Filter>战斗\状态\其它状态\特殊状态</Filter>
    </ClInclude>
    <ClInclude Include="CSpecialState.h">
      <Filter>战斗\状态\其它状态\特殊状态</Filter>
    </ClInclude>
    <ClInclude Include="CSpecialStateCfg.h">
      <Filter>战斗\状态\其它状态\特殊状态</Filter>
    </ClInclude>
    <ClInclude Include="CSpecialStateMgr.h">
      <Filter>战斗\状态\其它状态\特殊状态</Filter>
    </ClInclude>
    <ClInclude Include="CTriggerableState.h">
      <Filter>战斗\状态\其它状态\可触发状态</Filter>
    </ClInclude>
    <ClInclude Include="CTriggerableStateCfg.h">
      <Filter>战斗\状态\其它状态\可触发状态</Filter>
    </ClInclude>
    <ClInclude Include="CTriggerableStateMgr.h">
      <Filter>战斗\状态\其它状态\可触发状态</Filter>
    </ClInclude>
    <ClInclude Include="CTriggerEvent.h">
      <Filter>战斗\状态\其它状态\可触发状态</Filter>
    </ClInclude>
    <ClInclude Include="CDamageChangeState.h">
      <Filter>战斗\状态\其它状态\可触发状态\伤害变更状态</Filter>
    </ClInclude>
    <ClInclude Include="CDamageChangeStateCfg.h">
      <Filter>战斗\状态\其它状态\可触发状态\伤害变更状态</Filter>
    </ClInclude>
    <ClInclude Include="CDamageChangeStateMgr.h">
      <Filter>战斗\状态\其它状态\可触发状态\伤害变更状态</Filter>
    </ClInclude>
    <ClInclude Include="CTriggerState.h">
      <Filter>战斗\状态\其它状态\可触发状态\触发器状态</Filter>
    </ClInclude>
    <ClInclude Include="CTriggerStateCfg.h">
      <Filter>战斗\状态\其它状态\可触发状态\触发器状态</Filter>
    </ClInclude>
    <ClInclude Include="CTriggerStateMgr.h">
      <Filter>战斗\状态\其它状态\可触发状态\触发器状态</Filter>
    </ClInclude>
    <ClInclude Include="CCumuliTriggerState.h">
      <Filter>战斗\状态\其它状态\可触发状态\积累触发状态</Filter>
    </ClInclude>
    <ClInclude Include="CCumuliTriggerStateCfg.h">
      <Filter>战斗\状态\其它状态\可触发状态\积累触发状态</Filter>
    </ClInclude>
    <ClInclude Include="CCumuliTriggerStateMgr.h">
      <Filter>战斗\状态\其它状态\可触发状态\积累触发状态</Filter>
    </ClInclude>
    <ClInclude Include="CCastingProcess.h">
      <Filter>战斗\流程</Filter>
    </ClInclude>
    <ClInclude Include="CCastingProcessCfg.h">
      <Filter>战斗\流程</Filter>
    </ClInclude>
    <ClInclude Include="CCastingProcessMallocObject.h">
      <Filter>战斗\流程</Filter>
    </ClInclude>
    <ClInclude Include="TCastingProcessAllocator.h">
      <Filter>战斗\流程</Filter>
    </ClInclude>
    <ClInclude Include="CCfgArg.h">
      <Filter>战斗\效果</Filter>
    </ClInclude>
    <ClInclude Include="CMagicEffDataMgrServer.h">
      <Filter>战斗\效果</Filter>
    </ClInclude>
    <ClInclude Include="CMagicEffServer.h">
      <Filter>战斗\效果</Filter>
    </ClInclude>
    <ClInclude Include="CValueData.h">
      <Filter>战斗\效果</Filter>
    </ClInclude>
    <ClInclude Include="CBaseMagicOpServer.h">
      <Filter>战斗\效果\操作</Filter>
    </ClInclude>
    <ClInclude Include="CDelayMagicOpTick.h">
      <Filter>战斗\效果\操作</Filter>
    </ClInclude>
    <ClInclude Include="CFilterOpServer.h">
      <Filter>战斗\效果\操作</Filter>
    </ClInclude>
    <ClInclude Include="CFunctionMagicOpServer.h">
      <Filter>战斗\效果\操作</Filter>
    </ClInclude>
    <ClInclude Include="CMagicOpCfgArg.h">
      <Filter>战斗\效果\操作</Filter>
    </ClInclude>
    <ClInclude Include="CMagicOpServer.h">
      <Filter>战斗\效果\操作</Filter>
    </ClInclude>
    <ClInclude Include="CPosMagicOpServer.h">
      <Filter>战斗\效果\操作</Filter>
    </ClInclude>
    <ClInclude Include="CValueMagicOpServer.h">
      <Filter>战斗\效果\操作</Filter>
    </ClInclude>
    <ClInclude Include="MagicOpPoss_Function.h">
      <Filter>战斗\效果\操作</Filter>
    </ClInclude>
    <ClInclude Include="MagicOps_ChangeValue.h">
      <Filter>战斗\效果\操作</Filter>
    </ClInclude>
    <ClInclude Include="MagicOps_Damage.h">
      <Filter>战斗\效果\操作</Filter>
    </ClInclude>
    <ClInclude Include="MagicOps_Function.h">
      <Filter>战斗\效果\操作</Filter>
    </ClInclude>
    <ClInclude Include="CFunctionMagicCondServer.h">
      <Filter>战斗\效果\条件</Filter>
    </ClInclude>
    <ClInclude Include="CMagicCondServer.h">
      <Filter>战斗\效果\条件</Filter>
    </ClInclude>
    <ClInclude Include="CValueMagicCondServer.h">
      <Filter>战斗\效果\条件</Filter>
    </ClInclude>
    <ClInclude Include="MagicConds_Function.h">
      <Filter>战斗\效果\条件</Filter>
    </ClInclude>
    <ClInclude Include="MagicConds_TestValue.h">
      <Filter>战斗\效果\条件</Filter>
    </ClInclude>
    <ClInclude Include="CCfgRelationDeal.h">
      <Filter>战斗\公共</Filter>
    </ClInclude>
    <ClInclude Include="CFightSkillProf.h">
      <Filter>战斗\公共</Filter>
    </ClInclude>
    <ClInclude Include="CGenericTarget.h">
      <Filter>战斗\公共</Filter>
    </ClInclude>
    <ClInclude Include="CMagicStateInstServer.h">
      <Filter>战斗\公共</Filter>
    </ClInclude>
    <ClInclude Include="CMoveServerManager.h">
      <Filter>战斗\公共</Filter>
    </ClInclude>
    <ClInclude Include="CSkillInstServer.h">
      <Filter>战斗\公共</Filter>
    </ClInclude>
    <ClInclude Include="CSpeedChangeMgr.h">
      <Filter>战斗\公共</Filter>
    </ClInclude>
    <ClInclude Include="CTempVarServer.h">
      <Filter>战斗\公共</Filter>
    </ClInclude>
    <ClInclude Include="LoadAllCfg.h">
      <Filter>战斗\公共</Filter>
    </ClInclude>
    <ClInclude Include="CAniKeyFrameMgrServer.h">
      <Filter>战斗\技能</Filter>
    </ClInclude>
    <ClInclude Include="CCoolDownMgrServer.h">
      <Filter>战斗\技能</Filter>
    </ClInclude>
    <ClInclude Include="CPlayerSkillMgrServer.h">
      <Filter>战斗\技能</Filter>
    </ClInclude>
    <ClInclude Include="CSkillMgrServer.h">
      <Filter>战斗\技能</Filter>
    </ClInclude>
    <ClInclude Include="CSkillReplaceServer.h">
      <Filter>战斗\技能</Filter>
    </ClInclude>
    <ClInclude Include="CSkillServer.h">
      <Filter>战斗\技能</Filter>
    </ClInclude>
    <ClInclude Include="CTalentEffCfgServer.h">
      <Filter>战斗\技能</Filter>
    </ClInclude>
    <ClInclude Include="CTalentEffServer.h">
      <Filter>战斗\技能</Filter>
    </ClInclude>
    <ClInclude Include="CNormalAttackCfg.h">
      <Filter>战斗\普攻</Filter>
    </ClInclude>
    <ClInclude Include="NormalAttack.h">
      <Filter>战斗\普攻</Filter>
    </ClInclude>
    <ClInclude Include="AgilePropertyServer.h">
      <Filter>战斗\属性</Filter>
    </ClInclude>
    <ClInclude Include="CBattleStateManager.h">
      <Filter>战斗\属性</Filter>
    </ClInclude>
    <ClInclude Include="CFighterAgileInfoServer.h">
      <Filter>战斗\属性</Filter>
    </ClInclude>
    <ClInclude Include="CPropertyTransaction.h">
      <Filter>战斗\属性</Filter>
    </ClInclude>
    <ClInclude Include="CRelationMgrServer.h">
      <Filter>战斗\属性</Filter>
    </ClInclude>
    <ClInclude Include="CPlayerSet.h">
      <Filter>战斗\集合</Filter>
    </ClInclude>
    <ClInclude Include="CTeamServerManager.h">
      <Filter>战斗\集合</Filter>
    </ClInclude>
    <ClInclude Include="ITeamServerManagerHandler.h">
      <Filter>战斗\集合</Filter>
    </ClInclude>
    <ClInclude Include="CTestBulletMagic.h">
      <Filter>战斗\测试</Filter>
    </ClInclude>
    <ClInclude Include="CTestHurtResult.h">
      <Filter>战斗\测试</Filter>
    </ClInclude>
    <ClInclude Include="CTestShockWaveMagic.h">
      <Filter>战斗\测试</Filter>
    </ClInclude>
    <ClInclude Include="CBurstSoulCfgServer.h">
      <Filter>战斗\爆魂</Filter>
    </ClInclude>
    <ClInclude Include="CBurstSoulMgrServer.h">
      <Filter>战斗\爆魂</Filter>
    </ClInclude>
    <ClInclude Include="CActivityValueManager.h">
      <Filter>战斗\统计</Filter>
    </ClInclude>
    <ClInclude Include="CFightStatisticMgr.h">
      <Filter>战斗\统计</Filter>
    </ClInclude>
    <ClInclude Include="CGameConfigServer.h">
      <Filter>框架</Filter>
    </ClInclude>
    <ClInclude Include="CGameServerProxyBank.h">
      <Filter>框架</Filter>
    </ClInclude>
    <ClInclude Include="CheckSkill.h">
      <Filter>框架</Filter>
    </ClInclude>
    <ClInclude Include="CppGameServer.h">
      <Filter>框架</Filter>
    </ClInclude>
    <ClInclude Include="GameGasDefs.h">
      <Filter>框架</Filter>
    </ClInclude>
    <ClInclude Include="RegistGasShell.h">
      <Filter>框架</Filter>
    </ClInclude>
    <ClInclude Include="stdafx.h">
      <Filter>框架</Filter>
    </ClInclude>
    <ClInclude Include="CNpcEventMetaData.h">
      <Filter>NPC\状态机</Filter>
    </ClInclude>
    <ClInclude Include="CNpcState.h">
      <Filter>NPC\状态机</Filter>
    </ClInclude>
    <ClInclude Include="CNpcStateMachine.h">
      <Filter>NPC\状态机</Filter>
    </ClInclude>
    <ClInclude Include="CNpcStateMetaData.h">
      <Filter>NPC\状态机</Filter>
    </ClInclude>
    <ClInclude Include="CNpcStateTransit.h">
      <Filter>NPC\状态机</Filter>
    </ClInclude>
    <ClInclude Include="StateMachineCheckValid.h">
      <Filter>NPC\状态机</Filter>
    </ClInclude>
    <ClInclude Include="CNpcServerCreator.h">
      <Filter>NPC\构造</Filter>
    </ClInclude>
    <ClInclude Include="CNpcAIBaseData.h">
      <Filter>NPC\表格数据</Filter>
    </ClInclude>
    <ClInclude Include="CNpcEnmityTargetFilterData.h">
      <Filter>NPC\表格数据</Filter>
    </ClInclude>
    <ClInclude Include="CNpcFightBaseData.h">
      <Filter>NPC\表格数据</Filter>
    </ClInclude>
    <ClInclude Include="CNpcResServerData.h">
      <Filter>NPC\表格数据</Filter>
    </ClInclude>
    <ClInclude Include="CNpcServerBaseData.h">
      <Filter>NPC\表格数据</Filter>
    </ClInclude>
    <ClInclude Include="CNpcSpecialSkillCfg.h">
      <Filter>NPC\表格数据</Filter>
    </ClInclude>
    <ClInclude Include="CServantData.h">
      <Filter>NPC\表格数据</Filter>
    </ClInclude>
    <ClInclude Include="CSkillRuleServer.h">
      <Filter>NPC\表格数据</Filter>
    </ClInclude>
    <ClInclude Include="CNpcAI.h">
      <Filter>NPC\对象\普通</Filter>
    </ClInclude>
    <ClInclude Include="INpcAIHandler.h">
      <Filter>NPC\对象\普通</Filter>
    </ClInclude>
    <ClInclude Include="INpcEventHandler.h">
      <Filter>NPC\对象\普通</Filter>
    </ClInclude>
    <ClInclude Include="CLittlePetAI.h">
      <Filter>NPC\对象\召唤兽</Filter>
    </ClInclude>
    <ClInclude Include="CMagicBuildingAI.h">
      <Filter>NPC\对象\召唤兽</Filter>
    </ClInclude>
    <ClInclude Include="CServantAI.h">
      <Filter>NPC\对象\召唤兽</Filter>
    </ClInclude>
    <ClInclude Include="CTotemAI.h">
      <Filter>NPC\对象\召唤兽</Filter>
    </ClInclude>
    <ClInclude Include="CTruckAI.h">
      <Filter>NPC\对象\召唤兽</Filter>
    </ClInclude>
    <ClInclude Include="CNpcAINature.h">
      <Filter>NPC\对象\个性</Filter>
    </ClInclude>
    <ClInclude Include="CNpcAINatureMgr.h">
      <Filter>NPC\对象\个性</Filter>
    </ClInclude>
    <ClInclude Include="CDummyAI.h">
      <Filter>NPC\对象\团队</Filter>
    </ClInclude>
    <ClInclude Include="CMemberAI.h">
      <Filter>NPC\对象\团队</Filter>
    </ClInclude>
    <ClInclude Include="CNpcGroupMgr.h">
      <Filter>NPC\对象\团队</Filter>
    </ClInclude>
    <ClInclude Include="CDummyEnmityMgr.h">
      <Filter>NPC\仇恨管理</Filter>
    </ClInclude>
    <ClInclude Include="CEnmityMemberCheckTick.h">
      <Filter>NPC\仇恨管理</Filter>
    </ClInclude>
    <ClInclude Include="CEnmityMgr.h">
      <Filter>NPC\仇恨管理</Filter>
    </ClInclude>
    <ClInclude Include="CMemberEnmityMgr.h">
      <Filter>NPC\仇恨管理</Filter>
    </ClInclude>
    <ClInclude Include="CNpcChaosCoolDownTick.h">
      <Filter>NPC\仇恨管理</Filter>
    </ClInclude>
    <ClInclude Include="CNpcEnmityMember.h">
      <Filter>NPC\仇恨管理</Filter>
    </ClInclude>
    <ClInclude Include="CNpcEnmityMgr.h">
      <Filter>NPC\仇恨管理</Filter>
    </ClInclude>
    <ClInclude Include="INpcEnmityQueryCallback.h">
      <Filter>NPC\仇恨管理</Filter>
    </ClInclude>
    <ClInclude Include="CNpcAIDataMallocObject.h">
      <Filter>NPC\仇恨管理\内存池</Filter>
    </ClInclude>
    <ClInclude Include="CNpcAIMallocObject.h">
      <Filter>NPC\仇恨管理\内存池</Filter>
    </ClInclude>
    <ClInclude Include="TNpcAIAllocator.h">
      <Filter>NPC\仇恨管理\内存池</Filter>
    </ClInclude>
    <ClInclude Include="TNpcAIDataAllocator.h">
      <Filter>NPC\仇恨管理\内存池</Filter>
    </ClInclude>
    <ClInclude Include="CAlertExclaimRule.h">
      <Filter>NPC\技能规则\规则</Filter>
    </ClInclude>
    <ClInclude Include="CDoSceneSkillRule.h">
      <Filter>NPC\技能规则\规则</Filter>
    </ClInclude>
    <ClInclude Include="CDoSkillOnStateCondRule.h">
      <Filter>NPC\技能规则\规则</Filter>
    </ClInclude>
    <ClInclude Include="CExclaimRule.h">
      <Filter>NPC\技能规则\规则</Filter>
    </ClInclude>
    <ClInclude Include="CGoBackExclaimRule.h">
      <Filter>NPC\技能规则\规则</Filter>
    </ClInclude>
    <ClInclude Include="CMultiSkillRule.h">
      <Filter>NPC\技能规则\规则</Filter>
    </ClInclude>
    <ClInclude Include="CNotNpcTargetChangeRule.h">
      <Filter>NPC\技能规则\规则</Filter>
    </ClInclude>
    <ClInclude Include="CPhaseChgRule.h">
      <Filter>NPC\技能规则\规则</Filter>
    </ClInclude>
    <ClInclude Include="CSkillAroundRule.h">
      <Filter>NPC\技能规则\规则</Filter>
    </ClInclude>
    <ClInclude Include="CSkillRule.h">
      <Filter>NPC\技能规则\规则</Filter>
    </ClInclude>
    <ClInclude Include="CTargetChangeRule.h">
      <Filter>NPC\技能规则\规则</Filter>
    </ClInclude>
    <ClInclude Include="CBaseRuleCondition.h">
      <Filter>NPC\技能规则\定义</Filter>
    </ClInclude>
    <ClInclude Include="CSkillRuleBaseData.h">
      <Filter>NPC\技能规则\定义</Filter>
    </ClInclude>
    <ClInclude Include="CRuleCondition.h">
      <Filter>NPC\技能规则\触发</Filter>
    </ClInclude>
    <ClInclude Include="CSkillRuleDoSkillMoveMgr.h">
      <Filter>NPC\技能规则\管理</Filter>
    </ClInclude>
    <ClInclude Include="CSkillRuleMgr.h">
      <Filter>NPC\技能规则\管理</Filter>
    </ClInclude>
    <ClInclude Include="CTargetFilter.h">
      <Filter>NPC\技能规则\目标</Filter>
    </ClInclude>
    <ClInclude Include="NpcDefs.h">
      <Filter>NPC\属性</Filter>
    </ClInclude>
    <ClInclude Include="NpcInfoMgr.h">
      <Filter>NPC\属性</Filter>
    </ClInclude>
    <ClInclude Include="CNpcChaserQueueMgr.h">
      <Filter>NPC\队列管理</Filter>
    </ClInclude>
    <ClInclude Include="CNpcQueueMember.h">
      <Filter>NPC\队列管理</Filter>
    </ClInclude>
    <ClInclude Include="CNpcQueueMgr.h">
      <Filter>NPC\队列管理</Filter>
    </ClInclude>
    <ClInclude Include="CServantServerMgr.h">
      <Filter>NPC\召唤兽管理</Filter>
    </ClInclude>
    <ClInclude Include="IServantQueryCallback.h">
      <Filter>NPC\召唤兽管理</Filter>
    </ClInclude>
    <ClInclude Include="CNpcEvent.h">
      <Filter>NPC\Npc消息</Filter>
    </ClInclude>
    <ClInclude Include="CNpcEventMsg.h">
      <Filter>NPC\Npc消息</Filter>
    </ClInclude>
    <ClInclude Include="CNpcAlertMember.h">
      <Filter>NPC\警戒管理</Filter>
    </ClInclude>
    <ClInclude Include="CNpcAlertMgr.h">
      <Filter>NPC\警戒管理</Filter>
    </ClInclude>
    <ClInclude Include="CCharacterDictator.h">
      <Filter>角色</Filter>
    </ClInclude>
    <ClInclude Include="CCharacterMediator.h">
      <Filter>角色</Filter>
    </ClInclude>
    <ClInclude Include="ICharacterDictatorCallbackHandler.h">
      <Filter>角色</Filter>
    </ClInclude>
    <ClInclude Include="ICharacterDictatorHandler.h">
      <Filter>角色</Filter>
    </ClInclude>
    <ClInclude Include="ICharacterMediatorCallbackHandler.h">
      <Filter>角色</Filter>
    </ClInclude>
    <ClInclude Include="ICharacterMediatorHandler.h">
      <Filter>角色</Filter>
    </ClInclude>
    <ClInclude Include="TCharacterAdapterServer.h">
      <Filter>角色</Filter>
    </ClInclude>
    <ClInclude Include="CActorIntObj.h">
      <Filter>动作</Filter>
    </ClInclude>
    <ClInclude Include="CActorServer.h">
      <Filter>动作</Filter>
    </ClInclude>
    <ClInclude Include="CAniKeyFrameCfg.h">
      <Filter>动作</Filter>
    </ClInclude>
    <ClInclude Include="IActorIntObjHandler.h">
      <Filter>动作</Filter>
    </ClInclude>
    <ClInclude Include="IActorServerHandler.h">
      <Filter>动作</Filter>
    </ClInclude>
    <ClInclude Include="CIntObjServer.h">
      <Filter>交互对象</Filter>
    </ClInclude>
    <ClInclude Include="IIntObjCallbackHandlerServer.h">
      <Filter>交互对象</Filter>
    </ClInclude>
    <ClInclude Include="TIntObjAdapterServer.h">
      <Filter>交互对象</Filter>
    </ClInclude>
    <ClInclude Include="CEntityServer.h">
      <Filter>游戏实体</Filter>
    </ClInclude>
    <ClInclude Include="CEntityServerCreator.h">
      <Filter>游戏实体</Filter>
    </ClInclude>
    <ClInclude Include="CEntityServerManager.h">
      <Filter>游戏实体</Filter>
    </ClInclude>
    <ClInclude Include="CObjIDPool.h">
      <Filter>游戏实体</Filter>
    </ClInclude>
    <ClInclude Include="TEntityAdapterServer.h">
      <Filter>游戏实体</Filter>
    </ClInclude>
    <ClInclude Include="TEntityTraitsServer.h">
      <Filter>游戏实体</Filter>
    </ClInclude>
    <ClInclude Include="CConnMgrServerHandler.h">
      <Filter>连接</Filter>
    </ClInclude>
    <ClInclude Include="CServerApexProxyMsgDispatcher.h">
      <Filter>连接</Filter>
    </ClInclude>
    <ClInclude Include="CServerCharacterMsgDispatcher.h">
      <Filter>连接</Filter>
    </ClInclude>
    <ClInclude Include="CServerFighterMsgDispatcher.h">
      <Filter>连接</Filter>
    </ClInclude>
    <ClInclude Include="CServerMsgDispatcher.h">
      <Filter>连接</Filter>
    </ClInclude>
    <ClInclude Include="IScriptConnMgrServerHandler.h">
      <Filter>连接</Filter>
    </ClInclude>
    <ClInclude Include="CAoiDimFilterType.h">
      <Filter>AOI分层</Filter>
    </ClInclude>
    <ClInclude Include="CAoiDimMgr.h">
      <Filter>AOI分层</Filter>
    </ClInclude>
    <ClInclude Include="CApexConnHandler.h">
      <Filter>反外挂</Filter>
    </ClInclude>
    <ClInclude Include="CApexProxy.h">
      <Filter>反外挂</Filter>
    </ClInclude>
    <ClInclude Include="IApexProxyCallBackHandler.h">
      <Filter>反外挂</Filter>
    </ClInclude>
    <ClInclude Include="IGameGridRadiusCallback.h">
      <Filter>场景</Filter>
    </ClInclude>
    <ClInclude Include="CCpuUsageMgr.h">
      <Filter>战斗\统计</Filter>
    </ClInclude>
    <ClInclude Include="CYYServer.h">
      <Filter>YY</Filter>
    </ClInclude>
    <ClInclude Include="WeiBo\wbcallback.h">
      <Filter>WeiBo\wb</Filter>
    </ClInclude>
    <ClInclude Include="WeiBo\wbinit.h">
      <Filter>WeiBo\wb</Filter>
    </ClInclude>
    <ClInclude Include="WeiBo\config.h">
      <Filter>WeiBo\头文件</Filter>
    </ClInclude>
    <ClInclude Include="WeiBo\CWeiBoServer.h">
      <Filter>WeiBo\头文件</Filter>
    </ClInclude>
    <ClInclude Include="WeiBo\option.h">
      <Filter>WeiBo\头文件</Filter>
    </ClInclude>
    <ClInclude Include="WeiBo\targetver.h">
      <Filter>WeiBo\头文件</Filter>
    </ClInclude>
  </ItemGroup>
  <ItemGroup>
    <None Include="CMagicServer.inl">
      <Filter>战斗\魔法</Filter>
    </None>
    <None Include="CStateDBData.inl">
      <Filter>战斗\状态\公共</Filter>
    </None>
    <None Include="COtherStateMgr.inl">
      <Filter>战斗\状态\其它状态</Filter>
    </None>
    <None Include="CTriggerableStateMgr.inl">
      <Filter>战斗\状态\其它状态\可触发状态</Filter>
    </None>
    <None Include="MagicConds_TestValue.inl">
      <Filter>战斗\效果\条件</Filter>
    </None>
    <None Include="CCfgCalcServer.inl">
      <Filter>战斗\公共</Filter>
    </None>
    <None Include="CSkillInstServer.inl">
      <Filter>战斗\公共</Filter>
    </None>
    <None Include="CCharacterDictator.inl">
      <Filter>角色</Filter>
    </None>
    <None Include="TCharacterAdapterServer.inl">
      <Filter>角色</Filter>
    </None>
    <None Include="TIntObjAdapterServer.inl">
      <Filter>交互对象</Filter>
    </None>
    <None Include="CEntityServer.inl">
      <Filter>游戏实体</Filter>
    </None>
    <None Include="TEntityAdapterServer.inl">
      <Filter>游戏实体</Filter>
    </None>
    <None Include="WeiBo\callback\wbcb_block.inl">
      <Filter>WeiBo\wb\callback</Filter>
    </None>
    <None Include="WeiBo\callback\wbcb_hotpoint.inl">
      <Filter>WeiBo\wb\callback</Filter>
    </None>
    <None Include="WeiBo\callback\wbcb_invitecontact.inl">
      <Filter>WeiBo\wb\callback</Filter>
    </None>
    <None Include="WeiBo\callback\wbcb_tags.inl">
      <Filter>WeiBo\wb\callback</Filter>
    </None>
    <None Include="WeiBo\callback\wbcb_trends.inl">
      <Filter>WeiBo\wb\callback</Filter>
    </None>
  </ItemGroup>
</Project>